
Microsoft Visual Studio Solution File, Format Version 12.00
# Visual Studio 15
VisualStudioVersion = 15.0.26730.16
MinimumVisualStudioVersion = 10.0.40219.1
Project("{FAE04EC0-301F-11D3-BF4B-00C04F79EFBC}") = "EVEIndyHelper", "CapitalBuildManagerApp\EVEIndyHelper.csproj", "{EDC0EED4-6491-48AB-888C-7BF26DC7DCFB}"
EndProject
Project("{FAE04EC0-301F-11D3-BF4B-00C04F79EFBC}") = "EVE", "EVE\EVE.csproj", "{00AEF578-B2AA-446E-9121-DAB4B03BD1B1}"
EndProject
Global
	GlobalSection(SolutionConfigurationPlatforms) = preSolution
		Debug|Any CPU = Debug|Any CPU
		Release|Any CPU = Release|Any CPU
	EndGlobalSection
	GlobalSection(ProjectConfigurationPlatforms) = postSolution
		{EDC0EED4-6491-48AB-888C-7BF26DC7DCFB}.Debug|Any CPU.ActiveCfg = Debug|Any CPU
		{EDC0EED4-6491-48AB-888C-7BF26DC7DCFB}.Debug|Any CPU.Build.0 = Debug|Any CPU
		{EDC0EED4-6491-48AB-888C-7BF26DC7DCFB}.Release|Any CPU.ActiveCfg = Release|Any CPU
		{EDC0EED4-6491-48AB-888C-7BF26DC7DCFB}.Release|Any CPU.Build.0 = Release|Any CPU
		{00AEF578-B2AA-446E-9121-DAB4B03BD1B1}.Debug|Any CPU.ActiveCfg = Debug|Any CPU
		{00AEF578-B2AA-446E-9121-DAB4B03BD1B1}.Debug|Any CPU.Build.0 = Debug|Any CPU
		{00AEF578-B2AA-446E-9121-DAB4B03BD1B1}.Release|Any CPU.ActiveCfg = Release|Any CPU
		{00AEF578-B2AA-446E-9121-DAB4B03BD1B1}.Release|Any CPU.Build.0 = Release|Any CPU
	EndGlobalSection
	GlobalSection(SolutionProperties) = preSolution
		HideSolutionNode = FALSE
	EndGlobalSection
	GlobalSection(ExtensibilityGlobals) = postSolution
		SolutionGuid = {09DE1817-5C0E-4634-9AFC-6B564B5E3469}
	EndGlobalSection
EndGlobal
